version: 1.2.3
dependencies:
  - name: argo-cd
    repository: https://argoproj.github.io/argo-helm
    version: 9.3.4
  - name: cert-manager
    repository: https://charts.jetstack.io
    version: v1.19.2
  - name: external-dns
    repository: https://kubernetes-sigs.github.io/external-dns/
    version: 1.20.0
  - name: ingress-nginx
    repository: https://kubernetes.github.io/ingress-nginx
    version: 4.14.1
digest: sha256:d5da6aa2f7593dbd95afd0db9df75720ddc93799852cbdf9a8a17fff047ea2e9
generated: "2026-02-14T22:05:01.575220021Z"
